
Microsoft Visual Studio Solution File, Format Version 12.00
# Visual Studio 15
VisualStudioVersion = 15.0.28010.2036
MinimumVisualStudioVersion = 10.0.40219.1
Project("{FAE04EC0-301F-11D3-BF4B-00C04F79EFBC}") = "Morgengry", "Morgengry\Morgengry.csproj", "{20E9955A-20CB-47DB-AF48-23CD391A63CB}"
EndProject
Global
	GlobalSection(SolutionConfigurationPlatforms) = preSolution
		Debug|Any CPU = Debug|Any CPU
		Release|Any CPU = Release|Any CPU
	EndGlobalSection
	GlobalSection(ProjectConfigurationPlatforms) = postSolution
		{20E9955A-20CB-47DB-AF48-23CD391A63CB}.Debug|Any CPU.ActiveCfg = Debug|Any CPU
		{20E9955A-20CB-47DB-AF48-23CD391A63CB}.Debug|Any CPU.Build.0 = Debug|Any CPU
		{20E9955A-20CB-47DB-AF48-23CD391A63CB}.Release|Any CPU.ActiveCfg = Release|Any CPU
		{20E9955A-20CB-47DB-AF48-23CD391A63CB}.Release|Any CPU.Build.0 = Release|Any CPU
	EndGlobalSection
	GlobalSection(SolutionProperties) = preSolution
		HideSolutionNode = FALSE
	EndGlobalSection
	GlobalSection(ExtensibilityGlobals) = postSolution
		SolutionGuid = {B5597D8D-EFE0-4C53-8B5D-39A87AE2E66C}
	EndGlobalSection
EndGlobal
